
Microsoft Visual Studio Solution File, Format Version 12.00
# Visual Studio 15
VisualStudioVersion = 15.0.27004.2002
MinimumVisualStudioVersion = 10.0.40219.1
Project("{FAE04EC0-301F-11D3-BF4B-00C04F79EFBC}") = "PascalNaber.K8s.StorageDemo", "PascalNaber.K8s.StorageDemo\PascalNaber.K8s.StorageDemo.csproj", "{36AA5BCE-B8C2-48C3-BA33-BC85639AEFC3}"
EndProject
Project("{E53339B2-1760-4266-BCC7-CA923CBCF16C}") = "docker-compose", "docker-compose.dcproj", "{E1841834-F1C3-4ACF-AF6A-6CCAFA31653C}"
EndProject
Global
	GlobalSection(SolutionConfigurationPlatforms) = preSolution
		Debug|Any CPU = Debug|Any CPU
		Release|Any CPU = Release|Any CPU
	EndGlobalSection
	GlobalSection(ProjectConfigurationPlatforms) = postSolution
		{36AA5BCE-B8C2-48C3-BA33-BC85639AEFC3}.Debug|Any CPU.ActiveCfg = Debug|Any CPU
		{36AA5BCE-B8C2-48C3-BA33-BC85639AEFC3}.Debug|Any CPU.Build.0 = Debug|Any CPU
		{36AA5BCE-B8C2-48C3-BA33-BC85639AEFC3}.Release|Any CPU.ActiveCfg = Release|Any CPU
		{36AA5BCE-B8C2-48C3-BA33-BC85639AEFC3}.Release|Any CPU.Build.0 = Release|Any CPU
		{E1841834-F1C3-4ACF-AF6A-6CCAFA31653C}.Debug|Any CPU.ActiveCfg = Debug|Any CPU
		{E1841834-F1C3-4ACF-AF6A-6CCAFA31653C}.Debug|Any CPU.Build.0 = Debug|Any CPU
		{E1841834-F1C3-4ACF-AF6A-6CCAFA31653C}.Release|Any CPU.ActiveCfg = Release|Any CPU
		{E1841834-F1C3-4ACF-AF6A-6CCAFA31653C}.Release|Any CPU.Build.0 = Release|Any CPU
	EndGlobalSection
	GlobalSection(SolutionProperties) = preSolution
		HideSolutionNode = FALSE
	EndGlobalSection
	GlobalSection(ExtensibilityGlobals) = postSolution
		SolutionGuid = {2B060456-FB24-4731-BB80-73D46A121F04}
	EndGlobalSection
EndGlobal
